
Microsoft Visual Studio Solution File, Format Version 12.00
# Visual Studio Version 17
VisualStudioVersion = 17.0.32014.148
MinimumVisualStudioVersion = 10.0.40219.1
Project("{FAE04EC0-301F-11D3-BF4B-00C04F79EFBC}") = "homework_1", "homework_1\homework_1.csproj", "{F32F5CD0-259F-40D5-9E8C-222B531D72C3}"
EndProject
Project("{FAE04EC0-301F-11D3-BF4B-00C04F79EFBC}") = "homework_2", "homework_2\homework_2.csproj", "{0F51681A-ECA2-4F79-8DD2-6AEEDF6F275F}"
EndProject
Global
	GlobalSection(SolutionConfigurationPlatforms) = preSolution
		Debug|Any CPU = Debug|Any CPU
		Release|Any CPU = Release|Any CPU
	EndGlobalSection
	GlobalSection(ProjectConfigurationPlatforms) = postSolution
		{F32F5CD0-259F-40D5-9E8C-222B531D72C3}.Debug|Any CPU.ActiveCfg = Debug|Any CPU
		{F32F5CD0-259F-40D5-9E8C-222B531D72C3}.Debug|Any CPU.Build.0 = Debug|Any CPU
		{F32F5CD0-259F-40D5-9E8C-222B531D72C3}.Release|Any CPU.ActiveCfg = Release|Any CPU
		{F32F5CD0-259F-40D5-9E8C-222B531D72C3}.Release|Any CPU.Build.0 = Release|Any CPU
		{0F51681A-ECA2-4F79-8DD2-6AEEDF6F275F}.Debug|Any CPU.ActiveCfg = Debug|Any CPU
		{0F51681A-ECA2-4F79-8DD2-6AEEDF6F275F}.Debug|Any CPU.Build.0 = Debug|Any CPU
		{0F51681A-ECA2-4F79-8DD2-6AEEDF6F275F}.Release|Any CPU.ActiveCfg = Release|Any CPU
		{0F51681A-ECA2-4F79-8DD2-6AEEDF6F275F}.Release|Any CPU.Build.0 = Release|Any CPU
	EndGlobalSection
	GlobalSection(SolutionProperties) = preSolution
		HideSolutionNode = FALSE
	EndGlobalSection
	GlobalSection(ExtensibilityGlobals) = postSolution
		SolutionGuid = {BFFB649F-9517-4907-A49B-4211D3B0B03C}
	EndGlobalSection
EndGlobal
